# THIS IS AN AUTOGENERATED FILE. DO NOT EDIT THIS FILE DIRECTLY.
# yarn lockfile v1


"@types/prop-types@*":
  version "15.7.1"
  resolved "https://registry.npmjs.org/@types/prop-types/-/prop-types-15.7.1.tgz#f1a11e7babb0c3cad68100be381d1e064c68f1f6"
  integrity sha512-CFzn9idOEpHrgdw8JsoTkaDDyRWk1jrzIV8djzcgpq0y9tG4B4lFT+Nxh52DVpDXV+n4+NPNv7M1Dj5uMp6XFg==

"@types/react-dom@16.8.2":
  version "16.8.2"
  resolved "https://registry.npmjs.org/@types/react-dom/-/react-dom-16.8.2.tgz#9bd7d33f908b243ff0692846ef36c81d4941ad12"
  integrity sha512-MX7n1wq3G/De15RGAAqnmidzhr2Y9O/ClxPxyqaNg96pGyeXUYPSvujgzEVpLo9oIP4Wn1UETl+rxTN02KEpBw==
  dependencies:
    "@types/react" "*"

"@types/react@*":
  version "16.8.15"
  resolved "https://registry.npmjs.org/@types/react/-/react-16.8.15.tgz#a76515fed5aa3e996603056f54427fec5f2a5122"
  integrity sha512-dMhzw1rWK+wwJWvPp5Pk12ksSrm/z/C/+lOQbMZ7YfDQYnJ02bc0wtg4EJD9qrFhuxFrf/ywNgwTboucobJqQg==
  dependencies:
    "@types/prop-types" "*"
    csstype "^2.2.0"

"@types/react@16.8.6":
  version "16.8.6"
  resolved "https://registry.npmjs.org/@types/react/-/react-16.8.6.tgz#fa1de3fe56cc9b6afeddc73d093d7f30fd5e31cc"
  integrity sha512-bN9qDjEMltmHrl0PZRI4IF2AbB7V5UlRfG+OOduckVnRQ4VzXVSzy/1eLAh778IEqhTnW0mmgL9yShfinNverA==
  dependencies:
    "@types/prop-types" "*"
    csstype "^2.2.0"

csstype@^2.2.0:
  version "2.6.4"
  resolved "https://registry.npmjs.org/csstype/-/csstype-2.6.4.tgz#d585a6062096e324e7187f80e04f92bd0f00e37f"
  integrity sha512-lAJUJP3M6HxFXbqtGRc0iZrdyeN+WzOWeY0q/VnFzI+kqVrYIzC7bWlKqCW7oCIdzoPkvfp82EVvrTlQ8zsWQg==
